
Microsoft Visual Studio Solution File, Format Version 12.00
# Visual Studio Version 16
VisualStudioVersion = 16.0.29025.244
MinimumVisualStudioVersion = 10.0.40219.1
Project("{FAE04EC0-301F-11D3-BF4B-00C04F79EFBC}") = "WeniSure Desk", "FacialRecognition\WeniSure Desk.csproj", "{FFDD5773-4CDF-40F8-A761-1E69BD19C7C7}"
EndProject
Global
	GlobalSection(SolutionConfigurationPlatforms) = preSolution
		Debug|x86 = Debug|x86
		Release|x86 = Release|x86
	EndGlobalSection
	GlobalSection(ProjectConfigurationPlatforms) = postSolution
		{FFDD5773-4CDF-40F8-A761-1E69BD19C7C7}.Debug|x86.ActiveCfg = Debug|x86
		{FFDD5773-4CDF-40F8-A761-1E69BD19C7C7}.Debug|x86.Build.0 = Debug|x86
		{FFDD5773-4CDF-40F8-A761-1E69BD19C7C7}.Release|x86.ActiveCfg = Release|x86
		{FFDD5773-4CDF-40F8-A761-1E69BD19C7C7}.Release|x86.Build.0 = Release|x86
	EndGlobalSection
	GlobalSection(SolutionProperties) = preSolution
		HideSolutionNode = FALSE
	EndGlobalSection
	GlobalSection(ExtensibilityGlobals) = postSolution
		SolutionGuid = {CBBE4690-2287-4351-AF83-F3CDB8E0AFFD}
	EndGlobalSection
EndGlobal
